<?xml version="1.0" encoding="utf-8"?>
<Project ToolsVersion="4.0" xmlns="http://schemas.microsoft.com/developer/msbuild/2003">
  <ItemGroup>
    <Filter Include="Source Files">
      <UniqueIdentifier>{4FC737F1-C7A5-4376-A066-2A32D752A2FF}</UniqueIdentifier>
      <Extensions>cpp;c;cc;cxx;c++;cppm;ixx;def;odl;idl;hpj;bat;asm;asmx</Extensions>
    </Filter>
    <Filter Include="Header Files">
      <UniqueIdentifier>{93995380-89BD-4b04-88EB-625FBE52EBFB}</UniqueIdentifier>
      <Extensions>h;hh;hpp;hxx;h++;hm;inl;inc;ipp;xsd</Extensions>
    </Filter>
    <Filter Include="Resource Files">
      <UniqueIdentifier>{67DA6AB6-F800-4c08-8B7A-83BB121AAD01}</UniqueIdentifier>
      <Extensions>rc;ico;cur;bmp;dlg;rc2;rct;bin;rgs;gif;jpg;jpeg;jpe;resx;tiff;tif;png;wav;mfcribbon-ms</Extensions>
    </Filter>
    <Filter Include="Source Files\Graph">
      <UniqueIdentifier>{e388d93b-fb2f-4aa7-b954-2fd69a1cc257}</UniqueIdentifier>
    </Filter>
    <Filter Include="Source Files\Util">
      <UniqueIdentifier>{01e71645-9312-4669-aad8-94a9d660326e}</UniqueIdentifier>
    </Filter>
    <Filter Include="Header Files\Graph">
      <UniqueIdentifier>{7e39929f-54fd-4ec7-8a88-6b55ab688ced}</UniqueIdentifier>
    </Filter>
    <Filter Include="Header Files\Util">
      <UniqueIdentifier>{12c0f507-08a7-44ad-9790-c8ffde04727f}</UniqueIdentifier>
    </Filter>
    <Filter Include="Header Files\Hierarchy">
      <UniqueIdentifier>{c7ebf643-8c70-41de-bbd9-78ed9f5ed613}</UniqueIdentifier>
    </Filter>
    <Filter Include="Source Files\Hierarchy">
      <UniqueIdentifier>{ad2433a6-8663-40cd-9c5d-f92a8d913b43}</UniqueIdentifier>
    </Filter>
    <Filter Include="Header Files\Test">
      <UniqueIdentifier>{afc1749f-8b92-4c41-9e42-ae3316b925c3}</UniqueIdentifier>
    </Filter>
    <Filter Include="Source Files\Test">
      <UniqueIdentifier>{8bf6a1e2-ed95-42ad-9bc3-d322edeaab4d}</UniqueIdentifier>
    </Filter>
    <Filter Include="Header Files\Graph\Parser">
      <UniqueIdentifier>{e5542bc6-fb72-4493-89c7-bc9659e2d86c}</UniqueIdentifier>
    </Filter>
    <Filter Include="Header Files\Hierarchy\Builder">
      <UniqueIdentifier>{00ff43a6-47ee-45e1-8b1a-cd02f409ecc6}</UniqueIdentifier>
    </Filter>
    <Filter Include="Source Files\Graph\Parser">
      <UniqueIdentifier>{4d6b17a5-25a4-46ca-b051-255ddaab192d}</UniqueIdentifier>
    </Filter>
    <Filter Include="Source Files\Hierarchy\Builder">
      <UniqueIdentifier>{c09ae506-3c04-4328-986f-062b2e0bb233}</UniqueIdentifier>
    </Filter>
    <Filter Include="Source Files\Util\Output">
      <UniqueIdentifier>{9b3193d7-9f93-4ece-92e6-6e9f342244f7}</UniqueIdentifier>
    </Filter>
    <Filter Include="Header Files\Util\Output">
      <UniqueIdentifier>{a8121059-0184-4a39-9ffe-685bdc12bd91}</UniqueIdentifier>
    </Filter>
  </ItemGroup>
  <ItemGroup>
    <ClInclude Include="BaseGraph.h">
      <Filter>Header Files\Graph</Filter>
    </ClInclude>
    <ClInclude Include="CIHierarchyBuilder.h">
      <Filter>Header Files\Hierarchy\Builder</Filter>
    </ClInclude>
    <ClInclude Include="Dijkstra.h">
      <Filter>Header Files\Util</Filter>
    </ClInclude>
    <ClInclude Include="DijkstraSolver.h">
      <Filter>Header Files\Hierarchy</Filter>
    </ClInclude>
    <ClInclude Include="DijkstraSolverBuilder.h">
      <Filter>Header Files\Hierarchy\Builder</Filter>
    </ClInclude>
    <ClInclude Include="Factory.h">
      <Filter>Header Files\Util</Filter>
    </ClInclude>
    <ClInclude Include="FileOutput.h">
      <Filter>Header Files\Util\Output</Filter>
    </ClInclude>
    <ClInclude Include="Filters.h">
      <Filter>Header Files\Util</Filter>
    </ClInclude>
    <ClInclude Include="GraphParser.h">
      <Filter>Header Files\Graph\Parser</Filter>
    </ClInclude>
    <ClInclude Include="JSON.h">
      <Filter>Header Files\Util</Filter>
    </ClInclude>
    <ClInclude Include="Logger.h">
      <Filter>Header Files\Util</Filter>
    </ClInclude>
    <ClInclude Include="PathSolver.h">
      <Filter>Header Files\Hierarchy</Filter>
    </ClInclude>
    <ClInclude Include="PathSolverBuilder.h">
      <Filter>Header Files\Hierarchy\Builder</Filter>
    </ClInclude>
    <ClInclude Include="Profiler.h">
      <Filter>Header Files\Util</Filter>
    </ClInclude>
    <ClInclude Include="RoadDParser.h">
      <Filter>Header Files\Graph\Parser</Filter>
    </ClInclude>
    <ClInclude Include="Serialize.h">
      <Filter>Header Files\Util</Filter>
    </ClInclude>
    <ClInclude Include="ShortcutGraph.h">
      <Filter>Header Files\Graph</Filter>
    </ClInclude>
    <ClInclude Include="StreamOutput.h">
      <Filter>Header Files\Util\Output</Filter>
    </ClInclude>
    <ClInclude Include="TestCase.h">
      <Filter>Header Files\Test</Filter>
    </ClInclude>
    <ClInclude Include="TestSuite.h">
      <Filter>Header Files\Test</Filter>
    </ClInclude>
    <ClInclude Include="TestInst.h">
      <Filter>Header Files\Test</Filter>
    </ClInclude>
    <ClInclude Include="Output.h">
      <Filter>Header Files\Util\Output</Filter>
    </ClInclude>
    <ClInclude Include="Util.h">
      <Filter>Header Files\Util</Filter>
    </ClInclude>
    <ClInclude Include="WeightedGraph.h">
      <Filter>Header Files\Graph</Filter>
    </ClInclude>
    <ClInclude Include="ShortcutHierarchy.h">
      <Filter>Header Files\Hierarchy</Filter>
    </ClInclude>
    <ClInclude Include="ContractionGraph.h">
      <Filter>Header Files\Graph</Filter>
    </ClInclude>
    <ClInclude Include="ContractionHierarchy.h">
      <Filter>Header Files\Hierarchy</Filter>
    </ClInclude>
    <ClInclude Include="CachedPathSolverBuilder.h">
      <Filter>Header Files\Hierarchy\Builder</Filter>
    </ClInclude>
    <ClInclude Include="BUCHBuilder.h">
      <Filter>Header Files\Hierarchy\Builder</Filter>
    </ClInclude>
    <ClInclude Include="BaseContractionGraph.h">
      <Filter>Header Files\Graph</Filter>
    </ClInclude>
    <ClInclude Include="BUContractionQueue.h">
      <Filter>Header Files\Hierarchy\Builder</Filter>
    </ClInclude>
    <ClInclude Include="DijkstraSearch.h">
      <Filter>Header Files\Util</Filter>
    </ClInclude>
    <ClInclude Include="ShapefileParser.h">
      <Filter>Header Files\Graph\Parser</Filter>
    </ClInclude>
  </ItemGroup>
  <ItemGroup>
    <None Include="BaseGraph.inl">
      <Filter>Header Files\Graph</Filter>
    </None>
    <None Include="Dijkstra.inl">
      <Filter>Header Files\Util</Filter>
    </None>
    <None Include="Factory.inl">
      <Filter>Header Files\Util</Filter>
    </None>
    <None Include="JSON.inl">
      <Filter>Header Files\Util</Filter>
    </None>
    <None Include="Logger.inl">
      <Filter>Header Files\Util</Filter>
    </None>
    <None Include="Serialize.inl">
      <Filter>Header Files\Util</Filter>
    </None>
    <None Include="CachedPathSolverBuilder.inl">
      <Filter>Header Files\Hierarchy\Builder</Filter>
    </None>
    <None Include="Profiler.inl">
      <Filter>Header Files\Util</Filter>
    </None>
    <None Include="BaseContractionGraph.inl">
      <Filter>Header Files\Graph</Filter>
    </None>
    <None Include="BUContractionQueue.inl">
      <Filter>Header Files\Hierarchy\Builder</Filter>
    </None>
  </ItemGroup>
  <ItemGroup>
    <ClCompile Include="Main.cpp">
      <Filter>Source Files</Filter>
    </ClCompile>
    <ClCompile Include="CIHierarchyBuilder.cpp">
      <Filter>Source Files\Hierarchy\Builder</Filter>
    </ClCompile>
    <ClCompile Include="DijkstraSolverBuilder.cpp">
      <Filter>Source Files\Hierarchy\Builder</Filter>
    </ClCompile>
    <ClCompile Include="PathSolverBuilder.cpp">
      <Filter>Source Files\Hierarchy\Builder</Filter>
    </ClCompile>
    <ClCompile Include="GraphParser.cpp">
      <Filter>Source Files\Graph\Parser</Filter>
    </ClCompile>
    <ClCompile Include="RoadDParser.cpp">
      <Filter>Source Files\Graph\Parser</Filter>
    </ClCompile>
    <ClCompile Include="DijkstraSolver.cpp">
      <Filter>Source Files\Hierarchy</Filter>
    </ClCompile>
    <ClCompile Include="Output.cpp">
      <Filter>Source Files\Util\Output</Filter>
    </ClCompile>
    <ClCompile Include="StreamOutput.cpp">
      <Filter>Source Files\Util\Output</Filter>
    </ClCompile>
    <ClCompile Include="FileOutput.cpp">
      <Filter>Source Files\Util\Output</Filter>
    </ClCompile>
    <ClCompile Include="Logger.cpp">
      <Filter>Source Files\Util</Filter>
    </ClCompile>
    <ClCompile Include="TestCase.cpp">
      <Filter>Source Files\Test</Filter>
    </ClCompile>
    <ClCompile Include="TestInst.cpp">
      <Filter>Source Files\Test</Filter>
    </ClCompile>
    <ClCompile Include="TestSuite.cpp">
      <Filter>Source Files\Test</Filter>
    </ClCompile>
    <ClCompile Include="WeightedGraph.cpp">
      <Filter>Source Files\Graph</Filter>
    </ClCompile>
    <ClCompile Include="ShortcutGraph.cpp">
      <Filter>Source Files\Graph</Filter>
    </ClCompile>
    <ClCompile Include="Profiler.cpp">
      <Filter>Source Files\Util</Filter>
    </ClCompile>
    <ClCompile Include="ShortcutHierarchy.cpp">
      <Filter>Source Files\Hierarchy</Filter>
    </ClCompile>
    <ClCompile Include="ContractionGraph.cpp">
      <Filter>Source Files\Graph</Filter>
    </ClCompile>
    <ClCompile Include="ContractionHierarchy.cpp">
      <Filter>Source Files\Hierarchy</Filter>
    </ClCompile>
    <ClCompile Include="BUCHBuilder.cpp">
      <Filter>Source Files\Hierarchy\Builder</Filter>
    </ClCompile>
    <ClCompile Include="BaseContractionGraph.cpp">
      <Filter>Source Files\Graph</Filter>
    </ClCompile>
    <ClCompile Include="ShapefileParser.cpp">
      <Filter>Source Files\Graph\Parser</Filter>
    </ClCompile>
  </ItemGroup>
</Project>